PODS:
  - Alamofire (4.2.0)
  - Bolts (1.8.4):
    - Bolts/AppLinks (= 1.8.4)
    - Bolts/Tasks (= 1.8.4)
  - Bolts/AppLinks (1.8.4):
    - Bolts/Tasks
  - Bolts/Tasks (1.8.4)
  - Crashlytics (3.8.3):
    - Fabric (~> 1.6.3)
  - Decodable (0.5)
  - Fabric (1.6.11)
  - Fakery (2.0.0)
  - FBSDKCoreKit (4.18.0):
    - Bolts (~> 1.7)
  - FBSDKLoginKit (4.18.0):
    - FBSDKCoreKit
  - FBSDKShareKit (4.18.0):
    - FBSDKCoreKit
  - FBSnapshotTestCase (2.1.4):
    - FBSnapshotTestCase/SwiftSupport (= 2.1.4)
  - FBSnapshotTestCase/Core (2.1.4)
  - FBSnapshotTestCase/SwiftSupport (2.1.4):
    - FBSnapshotTestCase/Core
  - Firebase (3.11.0):
    - Firebase/Core (= 3.11.0)
  - Firebase/Core (3.11.0):
    - FirebaseAnalytics (= 3.6.0)
    - FirebaseCore (= 3.4.6)
  - FirebaseAnalytics (3.6.0):
    - FirebaseCore (~> 3.4)
    - FirebaseInstanceID (~> 1.0)
    - GoogleInterchangeUtilities (~> 1.2)
    - GoogleSymbolUtilities (~> 1.1)
    - GoogleToolboxForMac/NSData+zlib (~> 2.1)
  - FirebaseCore (3.4.6):
    - GoogleInterchangeUtilities (~> 1.2)
    - GoogleToolboxForMac/NSData+zlib (~> 2.1)
  - FirebaseInstanceID (1.0.8)
  - GoogleInterchangeUtilities (1.2.2):
    - GoogleSymbolUtilities (~> 1.1)
  - GoogleSymbolUtilities (1.1.2)
  - GoogleToolboxForMac/Defines (2.1.0)
  - GoogleToolboxForMac/NSData+zlib (2.1.0):
    - GoogleToolboxForMac/Defines (= 2.1.0)
  - KeychainAccess (3.0.1)
  - ReachabilitySwift (3)
  - SlideMenuControllerSwift (3.0.1)
  - Spring (1.0.3)
  - Whisper (4.0.0)

DEPENDENCIES:
  - Alamofire
  - Crashlytics
  - Decodable
  - Fabric
  - Fakery
  - FBSDKLoginKit
  - FBSDKShareKit
  - FBSnapshotTestCase
  - Firebase (~> 3.0)
  - KeychainAccess
  - ReachabilitySwift (~> 3)
  - SlideMenuControllerSwift
  - Spring (from `https://github.com/MengTo/Spring.git`, branch `swift3`)
  - Whisper (from `https://github.com/AllinMobile/Whisper`)

EXTERNAL SOURCES:
  Spring:
    :branch: swift3
    :git: https://github.com/MengTo/Spring.git
  Whisper:
    :git: https://github.com/AllinMobile/Whisper

CHECKOUT OPTIONS:
  Spring:
    :commit: 3a9227c6e9157e7b47f5ac1ee5abab2a56b50002
    :git: https://github.com/MengTo/Spring.git
  Whisper:
    :commit: 6ec1d3f9c80130121b33deae0ddb0ab49bf72ec5
    :git: https://github.com/AllinMobile/Whisper

SPEC CHECKSUMS:
  Alamofire: aa2e09d871c9160ac53c90e83c68064a94e3dfbe
  Bolts: 8a7995239dbe724f9cba2248b766d48b7ebdd322
  Crashlytics: 2b6dbe138a42395577cfa73dfa1aa7248cadf39e
  Decodable: 7c90acc68d357b71d0d6efc120faf9c53c644b7e
  Fabric: 5911403591946b8228ab1c51d98f1d7137e863c6
  Fakery: 97b99c23937d2e025d9135c75e2b17351ccd5031
  FBSDKCoreKit: 15fef8804a4629f98c6f4e55e81a76c9d725d85e
  FBSDKLoginKit: 6773073e970b2b15fb12e451ce7f11da0532b880
  FBSDKShareKit: 0b8d6cc3f103c75297eb3c62caec284a2ccf1b9e
  FBSnapshotTestCase: 094f9f314decbabe373b87cc339bea235a63e07a
  Firebase: b8134e285eb33201115bc688bc5d7f112923bc1f
  FirebaseAnalytics: 9c67af0ebeb8d2146c9b4ea2616439affa947b58
  FirebaseCore: 03da1cb32615569bbc2830a22f9ad753d9a02ef5
  FirebaseInstanceID: ba1e640935235e5fac39dfa816fe7660e72e1a8a
  GoogleInterchangeUtilities: d5bc4d88d5b661ab72f9d70c58d02ca8c27ad1f7
  GoogleSymbolUtilities: 631ee17048aa5e9ab133470d768ea997a5ef9b96
  GoogleToolboxForMac: 2b2596cbb7186865e98cadf2b1e262d851c2b168
  KeychainAccess: 017ea25e313a49eda10bb19b0bb0760fb1edfe1a
  ReachabilitySwift: f5b9bb30a0777fac8f09ce8b067e32faeb29bb64
  SlideMenuControllerSwift: 9a163b16d54afab734add42858cba7ef7c307755
  Spring: 3f02b5dc3308572ef177b3cad0fa7bbc4b0706f7
  Whisper: 08be92623311f8e53201e62e17f6d7b9599a4714

PODFILE CHECKSUM: a12f37ebe46432cfae3aedade45330ae97eb925c

COCOAPODS: 1.1.1
